
Microsoft Visual Studio Solution File, Format Version 12.00
# Visual Studio 2012
Project("{FAE04EC0-301F-11D3-BF4B-00C04F79EFBC}") = "News", "News.csproj", "{99591A92-078C-4650-83FB-A5C618527290}"
EndProject
Project("{FAE04EC0-301F-11D3-BF4B-00C04F79EFBC}") = "News.iOS", "iOS\News.iOS.csproj", "{31A250C5-BA76-432E-A31B-26ED7F2D5B0A}"
EndProject
Project("{FAE04EC0-301F-11D3-BF4B-00C04F79EFBC}") = "News.Droid", "Droid\News.Droid.csproj", "{84E01119-0EBD-4FB7-A03F-29415BD5FC27}"
EndProject
Global
	GlobalSection(SolutionConfigurationPlatforms) = preSolution
		Debug|Any CPU = Debug|Any CPU
		Release|Any CPU = Release|Any CPU
		Debug|iPhoneSimulator = Debug|iPhoneSimulator
		Release|iPhone = Release|iPhone
		Release|iPhoneSimulator = Release|iPhoneSimulator
		Debug|iPhone = Debug|iPhone
	EndGlobalSection
	GlobalSection(ProjectConfigurationPlatforms) = postSolution
		{99591A92-078C-4650-83FB-A5C618527290}.Debug|Any CPU.ActiveCfg = Debug|Any CPU
		{99591A92-078C-4650-83FB-A5C618527290}.Debug|Any CPU.Build.0 = Debug|Any CPU
		{99591A92-078C-4650-83FB-A5C618527290}.Release|Any CPU.ActiveCfg = Release|Any CPU
		{99591A92-078C-4650-83FB-A5C618527290}.Release|Any CPU.Build.0 = Release|Any CPU
		{99591A92-078C-4650-83FB-A5C618527290}.Debug|iPhoneSimulator.ActiveCfg = Debug|Any CPU
		{99591A92-078C-4650-83FB-A5C618527290}.Debug|iPhoneSimulator.Build.0 = Debug|Any CPU
		{99591A92-078C-4650-83FB-A5C618527290}.Release|iPhone.ActiveCfg = Release|Any CPU
		{99591A92-078C-4650-83FB-A5C618527290}.Release|iPhone.Build.0 = Release|Any CPU
		{99591A92-078C-4650-83FB-A5C618527290}.Release|iPhoneSimulator.ActiveCfg = Release|Any CPU
		{99591A92-078C-4650-83FB-A5C618527290}.Release|iPhoneSimulator.Build.0 = Release|Any CPU
		{99591A92-078C-4650-83FB-A5C618527290}.Debug|iPhone.ActiveCfg = Debug|Any CPU
		{99591A92-078C-4650-83FB-A5C618527290}.Debug|iPhone.Build.0 = Debug|Any CPU
		{31A250C5-BA76-432E-A31B-26ED7F2D5B0A}.Debug|Any CPU.ActiveCfg = Debug|iPhoneSimulator
		{31A250C5-BA76-432E-A31B-26ED7F2D5B0A}.Debug|Any CPU.Build.0 = Debug|iPhoneSimulator
		{31A250C5-BA76-432E-A31B-26ED7F2D5B0A}.Release|Any CPU.ActiveCfg = Release|iPhone
		{31A250C5-BA76-432E-A31B-26ED7F2D5B0A}.Release|Any CPU.Build.0 = Release|iPhone
		{31A250C5-BA76-432E-A31B-26ED7F2D5B0A}.Debug|iPhoneSimulator.ActiveCfg = Debug|iPhoneSimulator
		{31A250C5-BA76-432E-A31B-26ED7F2D5B0A}.Debug|iPhoneSimulator.Build.0 = Debug|iPhoneSimulator
		{31A250C5-BA76-432E-A31B-26ED7F2D5B0A}.Release|iPhone.ActiveCfg = Release|iPhone
		{31A250C5-BA76-432E-A31B-26ED7F2D5B0A}.Release|iPhone.Build.0 = Release|iPhone
		{31A250C5-BA76-432E-A31B-26ED7F2D5B0A}.Release|iPhoneSimulator.ActiveCfg = Release|iPhoneSimulator
		{31A250C5-BA76-432E-A31B-26ED7F2D5B0A}.Release|iPhoneSimulator.Build.0 = Release|iPhoneSimulator
		{31A250C5-BA76-432E-A31B-26ED7F2D5B0A}.Debug|iPhone.ActiveCfg = Debug|iPhone
		{31A250C5-BA76-432E-A31B-26ED7F2D5B0A}.Debug|iPhone.Build.0 = Debug|iPhone
		{84E01119-0EBD-4FB7-A03F-29415BD5FC27}.Debug|Any CPU.ActiveCfg = Debug|Any CPU
		{84E01119-0EBD-4FB7-A03F-29415BD5FC27}.Debug|Any CPU.Build.0 = Debug|Any CPU
		{84E01119-0EBD-4FB7-A03F-29415BD5FC27}.Release|Any CPU.ActiveCfg = Release|Any CPU
		{84E01119-0EBD-4FB7-A03F-29415BD5FC27}.Release|Any CPU.Build.0 = Release|Any CPU
		{84E01119-0EBD-4FB7-A03F-29415BD5FC27}.Debug|iPhoneSimulator.ActiveCfg = Debug|Any CPU
		{84E01119-0EBD-4FB7-A03F-29415BD5FC27}.Debug|iPhoneSimulator.Build.0 = Debug|Any CPU
		{84E01119-0EBD-4FB7-A03F-29415BD5FC27}.Release|iPhone.ActiveCfg = Release|Any CPU
		{84E01119-0EBD-4FB7-A03F-29415BD5FC27}.Release|iPhone.Build.0 = Release|Any CPU
		{84E01119-0EBD-4FB7-A03F-29415BD5FC27}.Release|iPhoneSimulator.ActiveCfg = Release|Any CPU
		{84E01119-0EBD-4FB7-A03F-29415BD5FC27}.Release|iPhoneSimulator.Build.0 = Release|Any CPU
		{84E01119-0EBD-4FB7-A03F-29415BD5FC27}.Debug|iPhone.ActiveCfg = Debug|Any CPU
		{84E01119-0EBD-4FB7-A03F-29415BD5FC27}.Debug|iPhone.Build.0 = Debug|Any CPU
	EndGlobalSection
EndGlobal
